
Microsoft Visual Studio Solution File, Format Version 12.00
# Visual Studio Version 17
VisualStudioVersion = 17.5.33424.131
MinimumVisualStudioVersion = 10.0.40219.1
Project("{FAE04EC0-301F-11D3-BF4B-00C04F79EFBC}") = "H Resource", "H Resource.csproj", "{935A0B55-FCE1-418E-A947-96B61344CB85}"
EndProject
Global
	GlobalSection(SolutionConfigurationPlatforms) = preSolution
		Debug|Any CPU = Debug|Any CPU
		Release|Any CPU = Release|Any CPU
	EndGlobalSection
	GlobalSection(ProjectConfigurationPlatforms) = postSolution
		{935A0B55-FCE1-418E-A947-96B61344CB85}.Debug|Any CPU.ActiveCfg = Debug|Any CPU
		{935A0B55-FCE1-418E-A947-96B61344CB85}.Debug|Any CPU.Build.0 = Debug|Any CPU
		{935A0B55-FCE1-418E-A947-96B61344CB85}.Release|Any CPU.ActiveCfg = Release|Any CPU
		{935A0B55-FCE1-418E-A947-96B61344CB85}.Release|Any CPU.Build.0 = Release|Any CPU
	EndGlobalSection
	GlobalSection(SolutionProperties) = preSolution
		HideSolutionNode = FALSE
	EndGlobalSection
	GlobalSection(ExtensibilityGlobals) = postSolution
		SolutionGuid = {350F9502-DF72-4263-894D-7E8A668ADA79}
	EndGlobalSection
EndGlobal
